// !$*UTF8*$!
{
	archiveVersion = 1;
	classes = {
	};
	objectVersion = 55;
	objects = {

/* Begin PBXBuildFile section */
		0DABE91C28CD2DF900609334 /* NavigationShellApp.swift in Sources */ = {isa = PBXBuildFile; fileRef = 0DABE91B28CD2DF900609334 /* NavigationShellApp.swift */; };
		0DABE91E28CD2DF900609334 /* ContentView.swift in Sources */ = {isa = PBXBuildFile; fileRef = 0DABE91D28CD2DF900609334 /* ContentView.swift */; };
		0DABE92028CD2DFC00609334 /* Assets.xcassets in Resources */ = {isa = PBXBuildFile; fileRef = 0DABE91F28CD2DFC00609334 /* Assets.xcassets */; };
		0DABE92328CD2DFC00609334 /* Preview Assets.xcassets in Resources */ = {isa = PBXBuildFile; fileRef = 0DABE92228CD2DFC00609334 /* Preview Assets.xcassets */; };
		0DABE92A28CD2F7400609334 /* RootViewModel.swift in Sources */ = {isa = PBXBuildFile; fileRef = 0DABE92928CD2F7400609334 /* RootViewModel.swift */; };
		0DABE92C28CD306800609334 /* RootView.swift in Sources */ = {isa = PBXBuildFile; fileRef = 0DABE92B28CD306800609334 /* RootView.swift */; };
		0DABE92E28CD30D900609334 /* AnimalView.swift in Sources */ = {isa = PBXBuildFile; fileRef = 0DABE92D28CD30D900609334 /* AnimalView.swift */; };
		0DABE93028CD337B00609334 /* ControlPanelView.swift in Sources */ = {isa = PBXBuildFile; fileRef = 0DABE92F28CD337B00609334 /* ControlPanelView.swift */; };
		0DABE93228CD34EB00609334 /* GenericView.swift in Sources */ = {isa = PBXBuildFile; fileRef = 0DABE93128CD34EB00609334 /* GenericView.swift */; };
		0DABE93428CD34F700609334 /* GenericViewModel.swift in Sources */ = {isa = PBXBuildFile; fileRef = 0DABE93328CD34F700609334 /* GenericViewModel.swift */; };
/* End PBXBuildFile section */

/* Begin PBXFileReference section */
		0DABE91828CD2DF900609334 /* NavigationShell.app */ = {isa = PBXFileReference; explicitFileType = wrapper.application; includeInIndex = 0; path = NavigationShell.app; sourceTree = BUILT_PRODUCTS_DIR; };
		0DABE91B28CD2DF900609334 /* NavigationShellApp.swift */ = {isa = PBXFileReference; lastKnownFileType = sourcecode.swift; path = NavigationShellApp.swift; sourceTree = "<group>"; };
		0DABE91D28CD2DF900609334 /* ContentView.swift */ = {isa = PBXFileReference; lastKnownFileType = sourcecode.swift; path = ContentView.swift; sourceTree = "<group>"; };
		0DABE91F28CD2DFC00609334 /* Assets.xcassets */ = {isa = PBXFileReference; lastKnownFileType = folder.assetcatalog; path = Assets.xcassets; sourceTree = "<group>"; };
		0DABE92228CD2DFC00609334 /* Preview Assets.xcassets */ = {isa = PBXFileReference; lastKnownFileType = folder.assetcatalog; path = "Preview Assets.xcassets"; sourceTree = "<group>"; };
		0DABE92928CD2F7400609334 /* RootViewModel.swift */ = {isa = PBXFileReference; lastKnownFileType = sourcecode.swift; path = RootViewModel.swift; sourceTree = "<group>"; };
		0DABE92B28CD306800609334 /* RootView.swift */ = {isa = PBXFileReference; lastKnownFileType = sourcecode.swift; path = RootView.swift; sourceTree = "<group>"; };
		0DABE92D28CD30D900609334 /* AnimalView.swift */ = {isa = PBXFileReference; lastKnownFileType = sourcecode.swift; path = AnimalView.swift; sourceTree = "<group>"; };
		0DABE92F28CD337B00609334 /* ControlPanelView.swift */ = {isa = PBXFileReference; lastKnownFileType = sourcecode.swift; path = ControlPanelView.swift; sourceTree = "<group>"; };
		0DABE93128CD34EB00609334 /* GenericView.swift */ = {isa = PBXFileReference; lastKnownFileType = sourcecode.swift; path = GenericView.swift; sourceTree = "<group>"; };
		0DABE93328CD34F700609334 /* GenericViewModel.swift */ = {isa = PBXFileReference; lastKnownFileType = sourcecode.swift; path = GenericViewModel.swift; sourceTree = "<group>"; };
/* End PBXFileReference section */

/* Begin PBXFrameworksBuildPhase section */
		0DABE91528CD2DF900609334 /* Frameworks */ = {
			isa = PBXFrameworksBuildPhase;
			buildActionMask = 2147483647;
			files = (
			);
			runOnlyForDeploymentPostprocessing = 0;
		};
/* End PBXFrameworksBuildPhase section */

/* Begin PBXGroup section */
		0DABE90F28CD2DF900609334 = {
			isa = PBXGroup;
			children = (
				0DABE91A28CD2DF900609334 /* NavigationShell */,
				0DABE91928CD2DF900609334 /* Products */,
			);
			sourceTree = "<group>";
		};
		0DABE91928CD2DF900609334 /* Products */ = {
			isa = PBXGroup;
			children = (
				0DABE91828CD2DF900609334 /* NavigationShell.app */,
			);
			name = Products;
			sourceTree = "<group>";
		};
		0DABE91A28CD2DF900609334 /* NavigationShell */ = {
			isa = PBXGroup;
			children = (
				0DABE91B28CD2DF900609334 /* NavigationShellApp.swift */,
				0DABE91D28CD2DF900609334 /* ContentView.swift */,
				0DABE91F28CD2DFC00609334 /* Assets.xcassets */,
				0DABE92128CD2DFC00609334 /* Preview Content */,
				0DABE92928CD2F7400609334 /* RootViewModel.swift */,
				0DABE92B28CD306800609334 /* RootView.swift */,
				0DABE92D28CD30D900609334 /* AnimalView.swift */,
				0DABE92F28CD337B00609334 /* ControlPanelView.swift */,
				0DABE93128CD34EB00609334 /* GenericView.swift */,
				0DABE93328CD34F700609334 /* GenericViewModel.swift */,
			);
			path = NavigationShell;
			sourceTree = "<group>";
		};
		0DABE92128CD2DFC00609334 /* Preview Content */ = {
			isa = PBXGroup;
			children = (
				0DABE92228CD2DFC00609334 /* Preview Assets.xcassets */,
			);
			path = "Preview Content";
			sourceTree = "<group>";
		};
/* End PBXGroup section */

/* Begin PBXNativeTarget section */
		0DABE91728CD2DF900609334 /* NavigationShell */ = {
			isa = PBXNativeTarget;
			buildConfigurationList = 0DABE92628CD2DFC00609334 /* Build configuration list for PBXNativeTarget "NavigationShell" */;
			buildPhases = (
				0DABE91428CD2DF900609334 /* Sources */,
				0DABE91528CD2DF900609334 /* Frameworks */,
				0DABE91628CD2DF900609334 /* Resources */,
			);
			buildRules = (
			);
			dependencies = (
			);
			name = NavigationShell;
			productName = NavigationShell;
			productReference = 0DABE91828CD2DF900609334 /* NavigationShell.app */;
			productType = "com.apple.product-type.application";
		};
/* End PBXNativeTarget section */

/* Begin PBXProject section */
		0DABE91028CD2DF900609334 /* Project object */ = {
			isa = PBXProject;
			attributes = {
				BuildIndependentTargetsInParallel = 1;
				LastSwiftUpdateCheck = 1320;
				LastUpgradeCheck = 1320;
				TargetAttributes = {
					0DABE91728CD2DF900609334 = {
						CreatedOnToolsVersion = 13.2.1;
					};
				};
			};
			buildConfigurationList = 0DABE91328CD2DF900609334 /* Build configuration list for PBXProject "NavigationShell" */;
			compatibilityVersion = "Xcode 13.0";
			developmentRegion = en;
			hasScannedForEncodings = 0;
			knownRegions = (
				en,
				Base,
			);
			mainGroup = 0DABE90F28CD2DF900609334;
			productRefGroup = 0DABE91928CD2DF900609334 /* Products */;
			projectDirPath = "";
			projectRoot = "";
			targets = (
				0DABE91728CD2DF900609334 /* NavigationShell */,
			);
		};
/* End PBXProject section */

/* Begin PBXResourcesBuildPhase section */
		0DABE91628CD2DF900609334 /* Resources */ = {
			isa = PBXResourcesBuildPhase;
			buildActionMask = 2147483647;
			files = (
				0DABE92328CD2DFC00609334 /* Preview Assets.xcassets in Resources */,
				0DABE92028CD2DFC00609334 /* Assets.xcassets in Resources */,
			);
			runOnlyForDeploymentPostprocessing = 0;
		};
/* End PBXResourcesBuildPhase section */

/* Begin PBXSourcesBuildPhase section */
		0DABE91428CD2DF900609334 /* Sources */ = {
			isa = PBXSourcesBuildPhase;
			buildActionMask = 2147483647;
			files = (
				0DABE93228CD34EB00609334 /* GenericView.swift in Sources */,
				0DABE92E28CD30D900609334 /* AnimalView.swift in Sources */,
				0DABE93428CD34F700609334 /* GenericViewModel.swift in Sources */,
				0DABE92C28CD306800609334 /* RootView.swift in Sources */,
				0DABE91E28CD2DF900609334 /* ContentView.swift in Sources */,
				0DABE93028CD337B00609334 /* ControlPanelView.swift in Sources */,
				0DABE92A28CD2F7400609334 /* RootViewModel.swift in Sources */,
				0DABE91C28CD2DF900609334 /* NavigationShellApp.swift in Sources */,
			);
			runOnlyForDeploymentPostprocessing = 0;
		};
/* End PBXSourcesBuildPhase section */

/* Begin XCBuildConfiguration section */
		0DABE92428CD2DFC00609334 /* Debug */ = {
			isa = XCBuildConfiguration;
			buildSettings = {
				ALWAYS_SEARCH_USER_PATHS = NO;
				CLANG_ANALYZER_NONNULL = YES;
				CLANG_ANALYZER_NUMBER_OBJECT_CONVERSION = YES_AGGRESSIVE;
				CLANG_CXX_LANGUAGE_STANDARD = "gnu++17";
				CLANG_CXX_LIBRARY = "libc++";
				CLANG_ENABLE_MODULES = YES;
				CLANG_ENABLE_OBJC_ARC = YES;
				CLANG_ENABLE_OBJC_WEAK = YES;
				CLANG_WARN_BLOCK_CAPTURE_AUTORELEASING = YES;
				CLANG_WARN_BOOL_CONVERSION = YES;
				CLANG_WARN_COMMA = YES;
				CLANG_WARN_CONSTANT_CONVERSION = YES;
				CLANG_WARN_DEPRECATED_OBJC_IMPLEMENTATIONS = YES;
				CLANG_WARN_DIRECT_OBJC_ISA_USAGE = YES_ERROR;
				CLANG_WARN_DOCUMENTATION_COMMENTS = YES;
				CLANG_WARN_EMPTY_BODY = YES;
				CLANG_WARN_ENUM_CONVERSION = YES;
				CLANG_WARN_INFINITE_RECURSION = YES;
				CLANG_WARN_INT_CONVERSION = YES;
				CLANG_WARN_NON_LITERAL_NULL_CONVERSION = YES;
				CLANG_WARN_OBJC_IMPLICIT_RETAIN_SELF = YES;
				CLANG_WARN_OBJC_LITERAL_CONVERSION = YES;
				CLANG_WARN_OBJC_ROOT_CLASS = YES_ERROR;
				CLANG_WARN_QUOTED_INCLUDE_IN_FRAMEWORK_HEADER = YES;
				CLANG_WARN_RANGE_LOOP_ANALYSIS = YES;
				CLANG_WARN_STRICT_PROTOTYPES = YES;
				CLANG_WARN_SUSPICIOUS_MOVE = YES;
				CLANG_WARN_UNGUARDED_AVAILABILITY = YES_AGGRESSIVE;
				CLANG_WARN_UNREACHABLE_CODE = YES;
				CLANG_WARN__DUPLICATE_METHOD_MATCH = YES;
				COPY_PHASE_STRIP = NO;
				DEBUG_INFORMATION_FORMAT = dwarf;
				ENABLE_STRICT_OBJC_MSGSEND = YES;
				ENABLE_TESTABILITY = YES;
				GCC_C_LANGUAGE_STANDARD = gnu11;
				GCC_DYNAMIC_NO_PIC = NO;
				GCC_NO_COMMON_BLOCKS = YES;
				GCC_OPTIMIZATION_LEVEL = 0;
				GCC_PREPROCESSOR_DEFINITIONS = (
					"DEBUG=1",
					"$(inherited)",
				);
				GCC_WARN_64_TO_32_BIT_CONVERSION = YES;
				GCC_WARN_ABOUT_RETURN_TYPE = YES_ERROR;
				GCC_WARN_UNDECLARED_SELECTOR = YES;
				GCC_WARN_UNINITIALIZED_AUTOS = YES_AGGRESSIVE;
				GCC_WARN_UNUSED_FUNCTION = YES;
				GCC_WARN_UNUSED_VARIABLE = YES;
				IPHONEOS_DEPLOYMENT_TARGET = 15.2;
				MTL_ENABLE_DEBUG_INFO = INCLUDE_SOURCE;
				MTL_FAST_MATH = YES;
				ONLY_ACTIVE_ARCH = YES;
				SDKROOT = iphoneos;
				SWIFT_ACTIVE_COMPILATION_CONDITIONS = DEBUG;
				SWIFT_OPTIMIZATION_LEVEL = "-Onone";
			};
			name = Debug;
		};
		0DABE92528CD2DFC00609334 /* Release */ = {
			isa = XCBuildConfiguration;
			buildSettings = {
				ALWAYS_SEARCH_USER_PATHS = NO;
				CLANG_ANALYZER_NONNULL = YES;
				CLANG_ANALYZER_NUMBER_OBJECT_CONVERSION = YES_AGGRESSIVE;
				CLANG_CXX_LANGUAGE_STANDARD = "gnu++17";
				CLANG_CXX_LIBRARY = "libc++";
				CLANG_ENABLE_MODULES = YES;
				CLANG_ENABLE_OBJC_ARC = YES;
				CLANG_ENABLE_OBJC_WEAK = YES;
				CLANG_WARN_BLOCK_CAPTURE_AUTORELEASING = YES;
				CLANG_WARN_BOOL_CONVERSION = YES;
				CLANG_WARN_COMMA = YES;
				CLANG_WARN_CONSTANT_CONVERSION = YES;
				CLANG_WARN_DEPRECATED_OBJC_IMPLEMENTATIONS = YES;
				CLANG_WARN_DIRECT_OBJC_ISA_USAGE = YES_ERROR;
				CLANG_WARN_DOCUMENTATION_COMMENTS = YES;
				CLANG_WARN_EMPTY_BODY = YES;
				CLANG_WARN_ENUM_CONVERSION = YES;
				CLANG_WARN_INFINITE_RECURSION = YES;
				CLANG_WARN_INT_CONVERSION = YES;
				CLANG_WARN_NON_LITERAL_NULL_CONVERSION = YES;
				CLANG_WARN_OBJC_IMPLICIT_RETAIN_SELF = YES;
				CLANG_WARN_OBJC_LITERAL_CONVERSION = YES;
				CLANG_WARN_OBJC_ROOT_CLASS = YES_ERROR;
				CLANG_WARN_QUOTED_INCLUDE_IN_FRAMEWORK_HEADER = YES;
				CLANG_WARN_RANGE_LOOP_ANALYSIS = YES;
				CLANG_WARN_STRICT_PROTOTYPES = YES;
				CLANG_WARN_SUSPICIOUS_MOVE = YES;
				CLANG_WARN_UNGUARDED_AVAILABILITY = YES_AGGRESSIVE;
				CLANG_WARN_UNREACHABLE_CODE = YES;
				CLANG_WARN__DUPLICATE_METHOD_MATCH = YES;
				COPY_PHASE_STRIP = NO;
				DEBUG_INFORMATION_FORMAT = "dwarf-with-dsym";
				ENABLE_NS_ASSERTIONS = NO;
				ENABLE_STRICT_OBJC_MSGSEND = YES;
				GCC_C_LANGUAGE_STANDARD = gnu11;
				GCC_NO_COMMON_BLOCKS = YES;
				GCC_WARN_64_TO_32_BIT_CONVERSION = YES;
				GCC_WARN_ABOUT_RETURN_TYPE = YES_ERROR;
				GCC_WARN_UNDECLARED_SELECTOR = YES;
				GCC_WARN_UNINITIALIZED_AUTOS = YES_AGGRESSIVE;
				GCC_WARN_UNUSED_FUNCTION = YES;
				GCC_WARN_UNUSED_VARIABLE = YES;
				IPHONEOS_DEPLOYMENT_TARGET = 15.2;
				MTL_ENABLE_DEBUG_INFO = NO;
				MTL_FAST_MATH = YES;
				SDKROOT = iphoneos;
				SWIFT_COMPILATION_MODE = wholemodule;
				SWIFT_OPTIMIZATION_LEVEL = "-O";
				VALIDATE_PRODUCT = YES;
			};
			name = Release;
		};
		0DABE92728CD2DFC00609334 /* Debug */ = {
			isa = XCBuildConfiguration;
			buildSettings = {
				ASSETCATALOG_COMPILER_APPICON_NAME = AppIcon;
				ASSETCATALOG_COMPILER_GLOBAL_ACCENT_COLOR_NAME = AccentColor;
				CODE_SIGN_STYLE = Automatic;
				CURRENT_PROJECT_VERSION = 1;
				DEVELOPMENT_ASSET_PATHS = "\"NavigationShell/Preview Content\"";
				DEVELOPMENT_TEAM = 2GG555KD5G;
				ENABLE_PREVIEWS = YES;
				GENERATE_INFOPLIST_FILE = YES;
				INFOPLIST_KEY_UIApplicationSceneManifest_Generation = YES;
				INFOPLIST_KEY_UIApplicationSupportsIndirectInputEvents = YES;
				INFOPLIST_KEY_UILaunchScreen_Generation = YES;
				INFOPLIST_KEY_UISupportedInterfaceOrientations_iPad = "UIInterfaceOrientationPortrait UIInterfaceOrientationPortraitUpsideDown UIInterfaceOrientationLandscapeLeft UIInterfaceOrientationLandscapeRight";
				INFOPLIST_KEY_UISupportedInterfaceOrientations_iPhone = "UIInterfaceOrientationPortrait UIInterfaceOrientationLandscapeLeft UIInterfaceOrientationLandscapeRight";
				LD_RUNPATH_SEARCH_PATHS = (
					"$(inherited)",
					"@executable_path/Frameworks",
				);
				MARKETING_VERSION = 1.0;
				PRODUCT_BUNDLE_IDENTIFIER = com.example.navigating.swiftui.NavigationShell;
				PRODUCT_NAME = "$(TARGET_NAME)";
				SWIFT_EMIT_LOC_STRINGS = YES;
				SWIFT_VERSION = 5.0;
				TARGETED_DEVICE_FAMILY = "1,2";
			};
			name = Debug;
		};
		0DABE92828CD2DFC00609334 /* Release */ = {
			isa = XCBuildConfiguration;
			buildSettings = {
				ASSETCATALOG_COMPILER_APPICON_NAME = AppIcon;
				ASSETCATALOG_COMPILER_GLOBAL_ACCENT_COLOR_NAME = AccentColor;
				CODE_SIGN_STYLE = Automatic;
				CURRENT_PROJECT_VERSION = 1;
				DEVELOPMENT_ASSET_PATHS = "\"NavigationShell/Preview Content\"";
				DEVELOPMENT_TEAM = 2GG555KD5G;
				ENABLE_PREVIEWS = YES;
				GENERATE_INFOPLIST_FILE = YES;
				INFOPLIST_KEY_UIApplicationSceneManifest_Generation = YES;
				INFOPLIST_KEY_UIApplicationSupportsIndirectInputEvents = YES;
				INFOPLIST_KEY_UILaunchScreen_Generation = YES;
				INFOPLIST_KEY_UISupportedInterfaceOrientations_iPad = "UIInterfaceOrientationPortrait UIInterfaceOrientationPortraitUpsideDown UIInterfaceOrientationLandscapeLeft UIInterfaceOrientationLandscapeRight";
				INFOPLIST_KEY_UISupportedInterfaceOrientations_iPhone = "UIInterfaceOrientationPortrait UIInterfaceOrientationLandscapeLeft UIInterfaceOrientationLandscapeRight";
				LD_RUNPATH_SEARCH_PATHS = (
					"$(inherited)",
					"@executable_path/Frameworks",
				);
				MARKETING_VERSION = 1.0;
				PRODUCT_BUNDLE_IDENTIFIER = com.example.navigating.swiftui.NavigationShell;
				PRODUCT_NAME = "$(TARGET_NAME)";
				SWIFT_EMIT_LOC_STRINGS = YES;
				SWIFT_VERSION = 5.0;
				TARGETED_DEVICE_FAMILY = "1,2";
			};
			name = Release;
		};
/* End XCBuildConfiguration section */

/* Begin XCConfigurationList section */
		0DABE91328CD2DF900609334 /* Build configuration list for PBXProject "NavigationShell" */ = {
			isa = XCConfigurationList;
			buildConfigurations = (
				0DABE92428CD2DFC00609334 /* Debug */,
				0DABE92528CD2DFC00609334 /* Release */,
			);
			defaultConfigurationIsVisible = 0;
			defaultConfigurationName = Release;
		};
		0DABE92628CD2DFC00609334 /* Build configuration list for PBXNativeTarget "NavigationShell" */ = {
			isa = XCConfigurationList;
			buildConfigurations = (
				0DABE92728CD2DFC00609334 /* Debug */,
				0DABE92828CD2DFC00609334 /* Release */,
			);
			defaultConfigurationIsVisible = 0;
			defaultConfigurationName = Release;
		};
/* End XCConfigurationList section */
	};
	rootObject = 0DABE91028CD2DF900609334 /* Project object */;
}
